<?xml version="1.0" encoding="utf-8"?>
<Project ToolsVersion="4.0" xmlns="http://schemas.microsoft.com/developer/msbuild/2003">
  <ItemGroup>
    <Filter Include="Resource Files">
      <UniqueIdentifier>{67DA6AB6-F800-4c08-8B7A-83BB121AAD01}</UniqueIdentifier>
      <Extensions>rc;ico;cur;bmp;dlg;rc2;rct;bin;rgs;gif;jpg;jpeg;jpe;resx;tiff;tif;png;wav;mfcribbon-ms</Extensions>
    </Filter>
    <Filter Include="src">
      <UniqueIdentifier>{4FC737F1-C7A5-4376-A066-2A32D752A2FF}</UniqueIdentifier>
      <Extensions>cpp;c;cc;cxx;def;odl;idl;hpj;bat;asm;asmx</Extensions>
    </Filter>
    <Filter Include="src\basics">
      <UniqueIdentifier>{14da3d79-a6fa-476a-9931-2c1f2cecf367}</UniqueIdentifier>
    </Filter>
    <Filter Include="src\filesystem">
      <UniqueIdentifier>{1e3312c0-f6bd-4932-ab76-248d232d9b29}</UniqueIdentifier>
    </Filter>
  </ItemGroup>
  <ItemGroup>
    <ClCompile Include="rect_test.cpp">
      <Filter>src\basics</Filter>
    </ClCompile>
    <ClCompile Include="helpers_test.cpp">
      <Filter>src\basics</Filter>
    </ClCompile>
    <ClCompile Include="resourcefile_test.cpp">
      <Filter>src\filesystem</Filter>
    </ClCompile>
    <ClCompile Include="resourcearchive_test.cpp">
      <Filter>src\filesystem</Filter>
    </ClCompile>
    <ClCompile Include="sprite_test.cpp">
      <Filter>src\basics</Filter>
    </ClCompile>
    <ClCompile Include="graphicsmanager_test.cpp">
      <Filter>src</Filter>
    </ClCompile>
    <ClCompile Include="gameobject_test.cpp">
      <Filter>src</Filter>
    </ClCompile>
    <ClCompile Include="engine_test.cpp">
      <Filter>src</Filter>
    </ClCompile>
  </ItemGroup>
  <ItemGroup>
    <Font Include="calibri.ttf">
      <Filter>Resource Files</Filter>
    </Font>
  </ItemGroup>
</Project>